
Microsoft Visual Studio Solution File, Format Version 12.00
# Visual Studio 2017
Project("{FAE04EC0-301F-11D3-BF4B-00C04F79EFBC}") = "Coin Pusher", "Coin Pusher.csproj", "{FF475CC4-5E55-18CD-1038-1A542A9D1498}"
EndProject
Project("{FAE04EC0-301F-11D3-BF4B-00C04F79EFBC}") = "Coin Pusher.Editor", "Coin Pusher.Editor.csproj", "{74580067-A3AC-5638-B136-918CD4887268}"
EndProject
Global
	GlobalSection(SolutionConfigurationPlatforms) = preSolution
		Debug|Any CPU = Debug|Any CPU
		Release|Any CPU = Release|Any CPU
	EndGlobalSection
	GlobalSection(ProjectConfigurationPlatforms) = postSolution
		{FF475CC4-5E55-18CD-1038-1A542A9D1498}.Debug|Any CPU.ActiveCfg = Debug|Any CPU
		{FF475CC4-5E55-18CD-1038-1A542A9D1498}.Debug|Any CPU.Build.0 = Debug|Any CPU
		{FF475CC4-5E55-18CD-1038-1A542A9D1498}.Release|Any CPU.ActiveCfg = Release|Any CPU
		{FF475CC4-5E55-18CD-1038-1A542A9D1498}.Release|Any CPU.Build.0 = Release|Any CPU
		{74580067-A3AC-5638-B136-918CD4887268}.Debug|Any CPU.ActiveCfg = Debug|Any CPU
		{74580067-A3AC-5638-B136-918CD4887268}.Debug|Any CPU.Build.0 = Debug|Any CPU
		{74580067-A3AC-5638-B136-918CD4887268}.Release|Any CPU.ActiveCfg = Release|Any CPU
		{74580067-A3AC-5638-B136-918CD4887268}.Release|Any CPU.Build.0 = Release|Any CPU
	EndGlobalSection
	GlobalSection(SolutionProperties) = preSolution
		HideSolutionNode = FALSE
	EndGlobalSection
EndGlobal
